
Microsoft Visual Studio Solution File, Format Version 12.00
# Visual Studio 2013
VisualStudioVersion = 12.0.30110.0
MinimumVisualStudioVersion = 10.0.40219.1
Project("{FAE04EC0-301F-11D3-BF4B-00C04F79EFBC}") = "StrategyPattern", "StrategyPattern\StrategyPattern.csproj", "{A6CAC35A-B396-457B-9F7D-034ED61E5DFC}"
EndProject
Project("{FAE04EC0-301F-11D3-BF4B-00C04F79EFBC}") = "ObserverPattern", "ObserverPattern\ObserverPattern.csproj", "{5F761A0F-E400-4BB3-B53B-1B59A89D7A15}"
EndProject
Project("{FAE04EC0-301F-11D3-BF4B-00C04F79EFBC}") = "DecoratorPattern", "DecoratorPattern\DecoratorPattern.csproj", "{FC331385-BD62-412D-BA17-97DCC7995F04}"
EndProject
Global
	GlobalSection(SolutionConfigurationPlatforms) = preSolution
		Debug|Any CPU = Debug|Any CPU
		Release|Any CPU = Release|Any CPU
	EndGlobalSection
	GlobalSection(ProjectConfigurationPlatforms) = postSolution
		{A6CAC35A-B396-457B-9F7D-034ED61E5DFC}.Debug|Any CPU.ActiveCfg = Debug|Any CPU
		{A6CAC35A-B396-457B-9F7D-034ED61E5DFC}.Debug|Any CPU.Build.0 = Debug|Any CPU
		{A6CAC35A-B396-457B-9F7D-034ED61E5DFC}.Release|Any CPU.ActiveCfg = Release|Any CPU
		{A6CAC35A-B396-457B-9F7D-034ED61E5DFC}.Release|Any CPU.Build.0 = Release|Any CPU
		{5F761A0F-E400-4BB3-B53B-1B59A89D7A15}.Debug|Any CPU.ActiveCfg = Debug|Any CPU
		{5F761A0F-E400-4BB3-B53B-1B59A89D7A15}.Debug|Any CPU.Build.0 = Debug|Any CPU
		{5F761A0F-E400-4BB3-B53B-1B59A89D7A15}.Release|Any CPU.ActiveCfg = Release|Any CPU
		{5F761A0F-E400-4BB3-B53B-1B59A89D7A15}.Release|Any CPU.Build.0 = Release|Any CPU
		{FC331385-BD62-412D-BA17-97DCC7995F04}.Debug|Any CPU.ActiveCfg = Debug|Any CPU
		{FC331385-BD62-412D-BA17-97DCC7995F04}.Debug|Any CPU.Build.0 = Debug|Any CPU
		{FC331385-BD62-412D-BA17-97DCC7995F04}.Release|Any CPU.ActiveCfg = Release|Any CPU
		{FC331385-BD62-412D-BA17-97DCC7995F04}.Release|Any CPU.Build.0 = Release|Any CPU
	EndGlobalSection
	GlobalSection(SolutionProperties) = preSolution
		HideSolutionNode = FALSE
	EndGlobalSection
EndGlobal
